
Microsoft Visual Studio Solution File, Format Version 12.00
# Visual Studio Version 17
VisualStudioVersion = 17.3.32929.385
MinimumVisualStudioVersion = 10.0.40219.1
Project("{9A19103F-16F7-4668-BE54-9A1E7A4F7556}") = "RoguelikeGame", "RoguelikeGame.csproj", "{D0C4D524-875B-43C2-8EA6-5FBBAC4BB35F}"
EndProject
Project("{FAE04EC0-301F-11D3-BF4B-00C04F79EFBC}") = "JsonContentPipelineExtension", "..\JsonContentPipelineExtension\JsonContentPipelineExtension.csproj", "{3C3919F9-B24F-4169-BEF3-4A1C9D54419F}"
EndProject
Project("{FAE04EC0-301F-11D3-BF4B-00C04F79EFBC}") = "JsonContentPipeline", "..\JsonContentPipeline\JsonContentPipeline.csproj", "{F9AD13EE-3A3B-4F6F-8347-63BA35887328}"
EndProject
Global
	GlobalSection(SolutionConfigurationPlatforms) = preSolution
		Debug|Any CPU = Debug|Any CPU
		Release|Any CPU = Release|Any CPU
	EndGlobalSection
	GlobalSection(ProjectConfigurationPlatforms) = postSolution
		{D0C4D524-875B-43C2-8EA6-5FBBAC4BB35F}.Debug|Any CPU.ActiveCfg = Debug|Any CPU
		{D0C4D524-875B-43C2-8EA6-5FBBAC4BB35F}.Debug|Any CPU.Build.0 = Debug|Any CPU
		{D0C4D524-875B-43C2-8EA6-5FBBAC4BB35F}.Release|Any CPU.ActiveCfg = Release|Any CPU
		{D0C4D524-875B-43C2-8EA6-5FBBAC4BB35F}.Release|Any CPU.Build.0 = Release|Any CPU
		{3C3919F9-B24F-4169-BEF3-4A1C9D54419F}.Debug|Any CPU.ActiveCfg = Debug|Any CPU
		{3C3919F9-B24F-4169-BEF3-4A1C9D54419F}.Debug|Any CPU.Build.0 = Debug|Any CPU
		{3C3919F9-B24F-4169-BEF3-4A1C9D54419F}.Release|Any CPU.ActiveCfg = Release|Any CPU
		{3C3919F9-B24F-4169-BEF3-4A1C9D54419F}.Release|Any CPU.Build.0 = Release|Any CPU
		{F9AD13EE-3A3B-4F6F-8347-63BA35887328}.Debug|Any CPU.ActiveCfg = Debug|Any CPU
		{F9AD13EE-3A3B-4F6F-8347-63BA35887328}.Debug|Any CPU.Build.0 = Debug|Any CPU
		{F9AD13EE-3A3B-4F6F-8347-63BA35887328}.Release|Any CPU.ActiveCfg = Release|Any CPU
		{F9AD13EE-3A3B-4F6F-8347-63BA35887328}.Release|Any CPU.Build.0 = Release|Any CPU
	EndGlobalSection
	GlobalSection(SolutionProperties) = preSolution
		HideSolutionNode = FALSE
	EndGlobalSection
	GlobalSection(ExtensibilityGlobals) = postSolution
		SolutionGuid = {BFF4E2CB-5398-4252-B93E-E73A5A9568DE}
	EndGlobalSection
EndGlobal
